{
  "lockfileVersion": 3,
  "requires": true,
  "packages": {
    "": {
      "name": "alignspace-web",
      "version": "1.0.0",
      "dependencies": {
        "react": "^18.2.0",
        "react-dom": "^18.2.0"
      },
      "devDependencies": {
        "@vitejs/plugin-react": "^4.2.0",
        "vite": "^5.0.0",
        "eslint": "^8.54.0",
        "vitest": "^1.0.0"
      }
    }
  }
}
